
Microsoft Visual Studio Solution File, Format Version 12.00
# Visual Studio Version 17
VisualStudioVersion = 17.0.31903.59
MinimumVisualStudioVersion = 10.0.40219.1
Project("{F2A71F9B-5D33-465A-A702-920D77279786}") = "Main", "Main\Main.fsproj", "{083F4E4A-67F2-433B-975C-E301E3DBD0B8}"
EndProject
Project("{F2A71F9B-5D33-465A-A702-920D77279786}") = "Lib", "Lib\Lib.fsproj", "{AC27C6A5-B725-414F-A313-E654AA927CBE}"
EndProject
Project("{F2A71F9B-5D33-465A-A702-920D77279786}") = "Tests", "Tests\Tests.fsproj", "{20BCFFBB-B782-4CFC-986B-8AEAA4DE3184}"
EndProject
Global
	GlobalSection(SolutionConfigurationPlatforms) = preSolution
		Debug|Any CPU = Debug|Any CPU
		Debug|x64 = Debug|x64
		Debug|x86 = Debug|x86
		Release|Any CPU = Release|Any CPU
		Release|x64 = Release|x64
		Release|x86 = Release|x86
	EndGlobalSection
	GlobalSection(ProjectConfigurationPlatforms) = postSolution
		{083F4E4A-67F2-433B-975C-E301E3DBD0B8}.Debug|Any CPU.ActiveCfg = Debug|Any CPU
		{083F4E4A-67F2-433B-975C-E301E3DBD0B8}.Debug|Any CPU.Build.0 = Debug|Any CPU
		{083F4E4A-67F2-433B-975C-E301E3DBD0B8}.Debug|x64.ActiveCfg = Debug|Any CPU
		{083F4E4A-67F2-433B-975C-E301E3DBD0B8}.Debug|x64.Build.0 = Debug|Any CPU
		{083F4E4A-67F2-433B-975C-E301E3DBD0B8}.Debug|x86.ActiveCfg = Debug|Any CPU
		{083F4E4A-67F2-433B-975C-E301E3DBD0B8}.Debug|x86.Build.0 = Debug|Any CPU
		{083F4E4A-67F2-433B-975C-E301E3DBD0B8}.Release|Any CPU.ActiveCfg = Release|Any CPU
		{083F4E4A-67F2-433B-975C-E301E3DBD0B8}.Release|Any CPU.Build.0 = Release|Any CPU
		{083F4E4A-67F2-433B-975C-E301E3DBD0B8}.Release|x64.ActiveCfg = Release|Any CPU
		{083F4E4A-67F2-433B-975C-E301E3DBD0B8}.Release|x64.Build.0 = Release|Any CPU
		{083F4E4A-67F2-433B-975C-E301E3DBD0B8}.Release|x86.ActiveCfg = Release|Any CPU
		{083F4E4A-67F2-433B-975C-E301E3DBD0B8}.Release|x86.Build.0 = Release|Any CPU
		{AC27C6A5-B725-414F-A313-E654AA927CBE}.Debug|Any CPU.ActiveCfg = Debug|Any CPU
		{AC27C6A5-B725-414F-A313-E654AA927CBE}.Debug|Any CPU.Build.0 = Debug|Any CPU
		{AC27C6A5-B725-414F-A313-E654AA927CBE}.Debug|x64.ActiveCfg = Debug|Any CPU
		{AC27C6A5-B725-414F-A313-E654AA927CBE}.Debug|x64.Build.0 = Debug|Any CPU
		{AC27C6A5-B725-414F-A313-E654AA927CBE}.Debug|x86.ActiveCfg = Debug|Any CPU
		{AC27C6A5-B725-414F-A313-E654AA927CBE}.Debug|x86.Build.0 = Debug|Any CPU
		{AC27C6A5-B725-414F-A313-E654AA927CBE}.Release|Any CPU.ActiveCfg = Release|Any CPU
		{AC27C6A5-B725-414F-A313-E654AA927CBE}.Release|Any CPU.Build.0 = Release|Any CPU
		{AC27C6A5-B725-414F-A313-E654AA927CBE}.Release|x64.ActiveCfg = Release|Any CPU
		{AC27C6A5-B725-414F-A313-E654AA927CBE}.Release|x64.Build.0 = Release|Any CPU
		{AC27C6A5-B725-414F-A313-E654AA927CBE}.Release|x86.ActiveCfg = Release|Any CPU
		{AC27C6A5-B725-414F-A313-E654AA927CBE}.Release|x86.Build.0 = Release|Any CPU
		{20BCFFBB-B782-4CFC-986B-8AEAA4DE3184}.Debug|Any CPU.ActiveCfg = Debug|Any CPU
		{20BCFFBB-B782-4CFC-986B-8AEAA4DE3184}.Debug|Any CPU.Build.0 = Debug|Any CPU
		{20BCFFBB-B782-4CFC-986B-8AEAA4DE3184}.Debug|x64.ActiveCfg = Debug|Any CPU
		{20BCFFBB-B782-4CFC-986B-8AEAA4DE3184}.Debug|x64.Build.0 = Debug|Any CPU
		{20BCFFBB-B782-4CFC-986B-8AEAA4DE3184}.Debug|x86.ActiveCfg = Debug|Any CPU
		{20BCFFBB-B782-4CFC-986B-8AEAA4DE3184}.Debug|x86.Build.0 = Debug|Any CPU
		{20BCFFBB-B782-4CFC-986B-8AEAA4DE3184}.Release|Any CPU.ActiveCfg = Release|Any CPU
		{20BCFFBB-B782-4CFC-986B-8AEAA4DE3184}.Release|Any CPU.Build.0 = Release|Any CPU
		{20BCFFBB-B782-4CFC-986B-8AEAA4DE3184}.Release|x64.ActiveCfg = Release|Any CPU
		{20BCFFBB-B782-4CFC-986B-8AEAA4DE3184}.Release|x64.Build.0 = Release|Any CPU
		{20BCFFBB-B782-4CFC-986B-8AEAA4DE3184}.Release|x86.ActiveCfg = Release|Any CPU
		{20BCFFBB-B782-4CFC-986B-8AEAA4DE3184}.Release|x86.Build.0 = Release|Any CPU
	EndGlobalSection
	GlobalSection(SolutionProperties) = preSolution
		HideSolutionNode = FALSE
	EndGlobalSection
EndGlobal
